// !$*UTF8*$!
{
	archiveVersion = 1;
	classes = {
	};
	objectVersion = 50;
	objects = {

/* Begin PBXBuildFile section */
		1914E84322C4FD8B00C98C16 /* AppDelegate.swift in Sources */ = {isa = PBXBuildFile; fileRef = 1914E84222C4FD8B00C98C16 /* AppDelegate.swift */; };
		1914E84522C4FD8B00C98C16 /* ViewController.swift in Sources */ = {isa = PBXBuildFile; fileRef = 1914E84422C4FD8B00C98C16 /* ViewController.swift */; };
		1914E84822C4FD8B00C98C16 /* Main.storyboard in Resources */ = {isa = PBXBuildFile; fileRef = 1914E84622C4FD8B00C98C16 /* Main.storyboard */; };
		1914E84A22C4FD8C00C98C16 /* Assets.xcassets in Resources */ = {isa = PBXBuildFile; fileRef = 1914E84922C4FD8C00C98C16 /* Assets.xcassets */; };
		1914E84D22C4FD8C00C98C16 /* LaunchScreen.storyboard in Resources */ = {isa = PBXBuildFile; fileRef = 1914E84B22C4FD8C00C98C16 /* LaunchScreen.storyboard */; };
		1914E85822C4FD8C00C98C16 /* sisakuyume2Tests.swift in Sources */ = {isa = PBXBuildFile; fileRef = 1914E85722C4FD8C00C98C16 /* sisakuyume2Tests.swift */; };
		1914E86322C4FD8C00C98C16 /* sisakuyume2UITests.swift in Sources */ = {isa = PBXBuildFile; fileRef = 1914E86222C4FD8C00C98C16 /* sisakuyume2UITests.swift */; };
		BF65F82722D1240900437167 /* 写真ライブラリ.photoslibrary in Resources */ = {isa = PBXBuildFile; fileRef = BF65F82622D1240900437167 /* 写真ライブラリ.photoslibrary */; };
		BF65F82922D124BA00437167 /* 猫.jpg in Resources */ = {isa = PBXBuildFile; fileRef = BF65F82822D124BA00437167 /* 猫.jpg */; };
		BF65F82B22D124EB00437167 /* 猫.jpg in Resources */ = {isa = PBXBuildFile; fileRef = BF65F82A22D124EB00437167 /* 猫.jpg */; };
		BF65F82D22D1339B00437167 /* buttonNext1ViewController.swift in Sources */ = {isa = PBXBuildFile; fileRef = BF65F82C22D1339B00437167 /* buttonNext1ViewController.swift */; };
/* End PBXBuildFile section */

/* Begin PBXContainerItemProxy section */
		1914E85422C4FD8C00C98C16 /* PBXContainerItemProxy */ = {
			isa = PBXContainerItemProxy;
			containerPortal = 1914E83722C4FD8B00C98C16 /* Project object */;
			proxyType = 1;
			remoteGlobalIDString = 1914E83E22C4FD8B00C98C16;
			remoteInfo = sisakuyume2;
		};
		1914E85F22C4FD8C00C98C16 /* PBXContainerItemProxy */ = {
			isa = PBXContainerItemProxy;
			containerPortal = 1914E83722C4FD8B00C98C16 /* Project object */;
			proxyType = 1;
			remoteGlobalIDString = 1914E83E22C4FD8B00C98C16;
			remoteInfo = sisakuyume2;
		};
/* End PBXContainerItemProxy section */

/* Begin PBXFileReference section */
		1914E83F22C4FD8B00C98C16 /* sisakuyume2.app */ = {isa = PBXFileReference; explicitFileType = wrapper.application; includeInIndex = 0; path = sisakuyume2.app; sourceTree = BUILT_PRODUCTS_DIR; };
		1914E84222C4FD8B00C98C16 /* AppDelegate.swift */ = {isa = PBXFileReference; lastKnownFileType = sourcecode.swift; path = AppDelegate.swift; sourceTree = "<group>"; };
		1914E84422C4FD8B00C98C16 /* ViewController.swift */ = {isa = PBXFileReference; lastKnownFileType = sourcecode.swift; path = ViewController.swift; sourceTree = "<group>"; };
		1914E84722C4FD8B00C98C16 /* Base */ = {isa = PBXFileReference; lastKnownFileType = file.storyboard; name = Base; path = Base.lproj/Main.storyboard; sourceTree = "<group>"; };
		1914E84922C4FD8C00C98C16 /* Assets.xcassets */ = {isa = PBXFileReference; lastKnownFileType = folder.assetcatalog; path = Assets.xcassets; sourceTree = "<group>"; };
		1914E84C22C4FD8C00C98C16 /* Base */ = {isa = PBXFileReference; lastKnownFileType = file.storyboard; name = Base; path = Base.lproj/LaunchScreen.storyboard; sourceTree = "<group>"; };
		1914E84E22C4FD8C00C98C16 /* Info.plist */ = {isa = PBXFileReference; lastKnownFileType = text.plist.xml; path = Info.plist; sourceTree = "<group>"; };
		1914E85322C4FD8C00C98C16 /* sisakuyume2Tests.xctest */ = {isa = PBXFileReference; explicitFileType = wrapper.cfbundle; includeInIndex = 0; path = sisakuyume2Tests.xctest; sourceTree = BUILT_PRODUCTS_DIR; };
		1914E85722C4FD8C00C98C16 /* sisakuyume2Tests.swift */ = {isa = PBXFileReference; lastKnownFileType = sourcecode.swift; path = sisakuyume2Tests.swift; sourceTree = "<group>"; };
		1914E85922C4FD8C00C98C16 /* Info.plist */ = {isa = PBXFileReference; lastKnownFileType = text.plist.xml; path = Info.plist; sourceTree = "<group>"; };
		1914E85E22C4FD8C00C98C16 /* sisakuyume2UITests.xctest */ = {isa = PBXFileReference; explicitFileType = wrapper.cfbundle; includeInIndex = 0; path = sisakuyume2UITests.xctest; sourceTree = BUILT_PRODUCTS_DIR; };
		1914E86222C4FD8C00C98C16 /* sisakuyume2UITests.swift */ = {isa = PBXFileReference; lastKnownFileType = sourcecode.swift; path = sisakuyume2UITests.swift; sourceTree = "<group>"; };
		1914E86422C4FD8C00C98C16 /* Info.plist */ = {isa = PBXFileReference; lastKnownFileType = text.plist.xml; path = Info.plist; sourceTree = "<group>"; };
		BF65F82622D1240900437167 /* 写真ライブラリ.photoslibrary */ = {isa = PBXFileReference; lastKnownFileType = wrapper; path = "写真ライブラリ.photoslibrary"; sourceTree = "<group>"; };
		BF65F82822D124BA00437167 /* 猫.jpg */ = {isa = PBXFileReference; lastKnownFileType = image.jpeg; path = "猫.jpg"; sourceTree = "<group>"; };
		BF65F82A22D124EB00437167 /* 猫.jpg */ = {isa = PBXFileReference; lastKnownFileType = image.jpeg; name = "猫.jpg"; path = "../../../../Downloads/猫.jpg"; sourceTree = "<group>"; };
		BF65F82C22D1339B00437167 /* buttonNext1ViewController.swift */ = {isa = PBXFileReference; lastKnownFileType = sourcecode.swift; path = buttonNext1ViewController.swift; sourceTree = "<group>"; };
/* End PBXFileReference section */

/* Begin PBXFrameworksBuildPhase section */
		1914E83C22C4FD8B00C98C16 /* Frameworks */ = {
			isa = PBXFrameworksBuildPhase;
			buildActionMask = 2147483647;
			files = (
			);
			runOnlyForDeploymentPostprocessing = 0;
		};
		1914E85022C4FD8C00C98C16 /* Frameworks */ = {
			isa = PBXFrameworksBuildPhase;
			buildActionMask = 2147483647;
			files = (
			);
			runOnlyForDeploymentPostprocessing = 0;
		};
		1914E85B22C4FD8C00C98C16 /* Frameworks */ = {
			isa = PBXFrameworksBuildPhase;
			buildActionMask = 2147483647;
			files = (
			);
			runOnlyForDeploymentPostprocessing = 0;
		};
/* End PBXFrameworksBuildPhase section */

/* Begin PBXGroup section */
		1914E83622C4FD8B00C98C16 = {
			isa = PBXGroup;
			children = (
				BF65F82C22D1339B00437167 /* buttonNext1ViewController.swift */,
				1914E84122C4FD8B00C98C16 /* sisakuyume2 */,
				1914E85622C4FD8C00C98C16 /* sisakuyume2Tests */,
				1914E86122C4FD8C00C98C16 /* sisakuyume2UITests */,
				1914E84022C4FD8B00C98C16 /* Products */,
			);
			sourceTree = "<group>";
		};
		1914E84022C4FD8B00C98C16 /* Products */ = {
			isa = PBXGroup;
			children = (
				1914E83F22C4FD8B00C98C16 /* sisakuyume2.app */,
				1914E85322C4FD8C00C98C16 /* sisakuyume2Tests.xctest */,
				1914E85E22C4FD8C00C98C16 /* sisakuyume2UITests.xctest */,
			);
			name = Products;
			sourceTree = "<group>";
		};
		1914E84122C4FD8B00C98C16 /* sisakuyume2 */ = {
			isa = PBXGroup;
			children = (
				BF65F82A22D124EB00437167 /* 猫.jpg */,
				1914E84222C4FD8B00C98C16 /* AppDelegate.swift */,
				1914E84422C4FD8B00C98C16 /* ViewController.swift */,
				1914E84622C4FD8B00C98C16 /* Main.storyboard */,
				BF65F82622D1240900437167 /* 写真ライブラリ.photoslibrary */,
				BF65F82822D124BA00437167 /* 猫.jpg */,
				1914E84922C4FD8C00C98C16 /* Assets.xcassets */,
				1914E84B22C4FD8C00C98C16 /* LaunchScreen.storyboard */,
				1914E84E22C4FD8C00C98C16 /* Info.plist */,
			);
			path = sisakuyume2;
			sourceTree = "<group>";
		};
		1914E85622C4FD8C00C98C16 /* sisakuyume2Tests */ = {
			isa = PBXGroup;
			children = (
				1914E85722C4FD8C00C98C16 /* sisakuyume2Tests.swift */,
				1914E85922C4FD8C00C98C16 /* Info.plist */,
			);
			path = sisakuyume2Tests;
			sourceTree = "<group>";
		};
		1914E86122C4FD8C00C98C16 /* sisakuyume2UITests */ = {
			isa = PBXGroup;
			children = (
				1914E86222C4FD8C00C98C16 /* sisakuyume2UITests.swift */,
				1914E86422C4FD8C00C98C16 /* Info.plist */,
			);
			path = sisakuyume2UITests;
			sourceTree = "<group>";
		};
/* End PBXGroup section */

/* Begin PBXNativeTarget section */
		1914E83E22C4FD8B00C98C16 /* sisakuyume2 */ = {
			isa = PBXNativeTarget;
			buildConfigurationList = 1914E86722C4FD8C00C98C16 /* Build configuration list for PBXNativeTarget "sisakuyume2" */;
			buildPhases = (
				1914E83B22C4FD8B00C98C16 /* Sources */,
				1914E83C22C4FD8B00C98C16 /* Frameworks */,
				1914E83D22C4FD8B00C98C16 /* Resources */,
			);
			buildRules = (
			);
			dependencies = (
			);
			name = sisakuyume2;
			productName = sisakuyume2;
			productReference = 1914E83F22C4FD8B00C98C16 /* sisakuyume2.app */;
			productType = "com.apple.product-type.application";
		};
		1914E85222C4FD8C00C98C16 /* sisakuyume2Tests */ = {
			isa = PBXNativeTarget;
			buildConfigurationList = 1914E86A22C4FD8C00C98C16 /* Build configuration list for PBXNativeTarget "sisakuyume2Tests" */;
			buildPhases = (
				1914E84F22C4FD8C00C98C16 /* Sources */,
				1914E85022C4FD8C00C98C16 /* Frameworks */,
				1914E85122C4FD8C00C98C16 /* Resources */,
			);
			buildRules = (
			);
			dependencies = (
				1914E85522C4FD8C00C98C16 /* PBXTargetDependency */,
			);
			name = sisakuyume2Tests;
			productName = sisakuyume2Tests;
			productReference = 1914E85322C4FD8C00C98C16 /* sisakuyume2Tests.xctest */;
			productType = "com.apple.product-type.bundle.unit-test";
		};
		1914E85D22C4FD8C00C98C16 /* sisakuyume2UITests */ = {
			isa = PBXNativeTarget;
			buildConfigurationList = 1914E86D22C4FD8C00C98C16 /* Build configuration list for PBXNativeTarget "sisakuyume2UITests" */;
			buildPhases = (
				1914E85A22C4FD8C00C98C16 /* Sources */,
				1914E85B22C4FD8C00C98C16 /* Frameworks */,
				1914E85C22C4FD8C00C98C16 /* Resources */,
			);
			buildRules = (
			);
			dependencies = (
				1914E86022C4FD8C00C98C16 /* PBXTargetDependency */,
			);
			name = sisakuyume2UITests;
			productName = sisakuyume2UITests;
			productReference = 1914E85E22C4FD8C00C98C16 /* sisakuyume2UITests.xctest */;
			productType = "com.apple.product-type.bundle.ui-testing";
		};
/* End PBXNativeTarget section */

/* Begin PBXProject section */
		1914E83722C4FD8B00C98C16 /* Project object */ = {
			isa = PBXProject;
			attributes = {
				LastSwiftUpdateCheck = 1020;
				LastUpgradeCheck = 1020;
				ORGANIZATIONNAME = WAKUike;
				TargetAttributes = {
					1914E83E22C4FD8B00C98C16 = {
						CreatedOnToolsVersion = 10.2.1;
					};
					1914E85222C4FD8C00C98C16 = {
						CreatedOnToolsVersion = 10.2.1;
						TestTargetID = 1914E83E22C4FD8B00C98C16;
					};
					1914E85D22C4FD8C00C98C16 = {
						CreatedOnToolsVersion = 10.2.1;
						TestTargetID = 1914E83E22C4FD8B00C98C16;
					};
				};
			};
			buildConfigurationList = 1914E83A22C4FD8B00C98C16 /* Build configuration list for PBXProject "sisakuyume2" */;
			compatibilityVersion = "Xcode 9.3";
			developmentRegion = en;
			hasScannedForEncodings = 0;
			knownRegions = (
				en,
				Base,
			);
			mainGroup = 1914E83622C4FD8B00C98C16;
			productRefGroup = 1914E84022C4FD8B00C98C16 /* Products */;
			projectDirPath = "";
			projectRoot = "";
			targets = (
				1914E83E22C4FD8B00C98C16 /* sisakuyume2 */,
				1914E85222C4FD8C00C98C16 /* sisakuyume2Tests */,
				1914E85D22C4FD8C00C98C16 /* sisakuyume2UITests */,
			);
		};
/* End PBXProject section */

/* Begin PBXResourcesBuildPhase section */
		1914E83D22C4FD8B00C98C16 /* Resources */ = {
			isa = PBXResourcesBuildPhase;
			buildActionMask = 2147483647;
			files = (
				BF65F82922D124BA00437167 /* 猫.jpg in Resources */,
				BF65F82722D1240900437167 /* 写真ライブラリ.photoslibrary in Resources */,
				1914E84D22C4FD8C00C98C16 /* LaunchScreen.storyboard in Resources */,
				BF65F82B22D124EB00437167 /* 猫.jpg in Resources */,
				1914E84A22C4FD8C00C98C16 /* Assets.xcassets in Resources */,
				1914E84822C4FD8B00C98C16 /* Main.storyboard in Resources */,
			);
			runOnlyForDeploymentPostprocessing = 0;
		};
		1914E85122C4FD8C00C98C16 /* Resources */ = {
			isa = PBXResourcesBuildPhase;
			buildActionMask = 2147483647;
			files = (
			);
			runOnlyForDeploymentPostprocessing = 0;
		};
		1914E85C22C4FD8C00C98C16 /* Resources */ = {
			isa = PBXResourcesBuildPhase;
			buildActionMask = 2147483647;
			files = (
			);
			runOnlyForDeploymentPostprocessing = 0;
		};
/* End PBXResourcesBuildPhase section */

/* Begin PBXSourcesBuildPhase section */
		1914E83B22C4FD8B00C98C16 /* Sources */ = {
			isa = PBXSourcesBuildPhase;
			buildActionMask = 2147483647;
			files = (
				BF65F82D22D1339B00437167 /* buttonNext1ViewController.swift in Sources */,
				1914E84522C4FD8B00C98C16 /* ViewController.swift in Sources */,
				1914E84322C4FD8B00C98C16 /* AppDelegate.swift in Sources */,
			);
			runOnlyForDeploymentPostprocessing = 0;
		};
		1914E84F22C4FD8C00C98C16 /* Sources */ = {
			isa = PBXSourcesBuildPhase;
			buildActionMask = 2147483647;
			files = (
				1914E85822C4FD8C00C98C16 /* sisakuyume2Tests.swift in Sources */,
			);
			runOnlyForDeploymentPostprocessing = 0;
		};
		1914E85A22C4FD8C00C98C16 /* Sources */ = {
			isa = PBXSourcesBuildPhase;
			buildActionMask = 2147483647;
			files = (
				1914E86322C4FD8C00C98C16 /* sisakuyume2UITests.swift in Sources */,
			);
			runOnlyForDeploymentPostprocessing = 0;
		};
/* End PBXSourcesBuildPhase section */

/* Begin PBXTargetDependency section */
		1914E85522C4FD8C00C98C16 /* PBXTargetDependency */ = {
			isa = PBXTargetDependency;
			target = 1914E83E22C4FD8B00C98C16 /* sisakuyume2 */;
			targetProxy = 1914E85422C4FD8C00C98C16 /* PBXContainerItemProxy */;
		};
		1914E86022C4FD8C00C98C16 /* PBXTargetDependency */ = {
			isa = PBXTargetDependency;
			target = 1914E83E22C4FD8B00C98C16 /* sisakuyume2 */;
			targetProxy = 1914E85F22C4FD8C00C98C16 /* PBXContainerItemProxy */;
		};
/* End PBXTargetDependency section */

/* Begin PBXVariantGroup section */
		1914E84622C4FD8B00C98C16 /* Main.storyboard */ = {
			isa = PBXVariantGroup;
			children = (
				1914E84722C4FD8B00C98C16 /* Base */,
			);
			name = Main.storyboard;
			sourceTree = "<group>";
		};
		1914E84B22C4FD8C00C98C16 /* LaunchScreen.storyboard */ = {
			isa = PBXVariantGroup;
			children = (
				1914E84C22C4FD8C00C98C16 /* Base */,
			);
			name = LaunchScreen.storyboard;
			sourceTree = "<group>";
		};
/* End PBXVariantGroup section */

/* Begin XCBuildConfiguration section */
		1914E86522C4FD8C00C98C16 /* Debug */ = {
			isa = XCBuildConfiguration;
			buildSettings = {
				ALWAYS_SEARCH_USER_PATHS = NO;
				CLANG_ANALYZER_NONNULL = YES;
				CLANG_ANALYZER_NUMBER_OBJECT_CONVERSION = YES_AGGRESSIVE;
				CLANG_CXX_LANGUAGE_STANDARD = "gnu++14";
				CLANG_CXX_LIBRARY = "libc++";
				CLANG_ENABLE_MODULES = YES;
				CLANG_ENABLE_OBJC_ARC = YES;
				CLANG_ENABLE_OBJC_WEAK = YES;
				CLANG_WARN_BLOCK_CAPTURE_AUTORELEASING = YES;
				CLANG_WARN_BOOL_CONVERSION = YES;
				CLANG_WARN_COMMA = YES;
				CLANG_WARN_CONSTANT_CONVERSION = YES;
				CLANG_WARN_DEPRECATED_OBJC_IMPLEMENTATIONS = YES;
				CLANG_WARN_DIRECT_OBJC_ISA_USAGE = YES_ERROR;
				CLANG_WARN_DOCUMENTATION_COMMENTS = YES;
				CLANG_WARN_EMPTY_BODY = YES;
				CLANG_WARN_ENUM_CONVERSION = YES;
				CLANG_WARN_INFINITE_RECURSION = YES;
				CLANG_WARN_INT_CONVERSION = YES;
				CLANG_WARN_NON_LITERAL_NULL_CONVERSION = YES;
				CLANG_WARN_OBJC_IMPLICIT_RETAIN_SELF = YES;
				CLANG_WARN_OBJC_LITERAL_CONVERSION = YES;
				CLANG_WARN_OBJC_ROOT_CLASS = YES_ERROR;
				CLANG_WARN_RANGE_LOOP_ANALYSIS = YES;
				CLANG_WARN_STRICT_PROTOTYPES = YES;
				CLANG_WARN_SUSPICIOUS_MOVE = YES;
				CLANG_WARN_UNGUARDED_AVAILABILITY = YES_AGGRESSIVE;
				CLANG_WARN_UNREACHABLE_CODE = YES;
				CLANG_WARN__DUPLICATE_METHOD_MATCH = YES;
				CODE_SIGN_IDENTITY = "iPhone Developer";
				COPY_PHASE_STRIP = NO;
				DEBUG_INFORMATION_FORMAT = dwarf;
				ENABLE_STRICT_OBJC_MSGSEND = YES;
				ENABLE_TESTABILITY = YES;
				GCC_C_LANGUAGE_STANDARD = gnu11;
				GCC_DYNAMIC_NO_PIC = NO;
				GCC_NO_COMMON_BLOCKS = YES;
				GCC_OPTIMIZATION_LEVEL = 0;
				GCC_PREPROCESSOR_DEFINITIONS = (
					"DEBUG=1",
					"$(inherited)",
				);
				GCC_WARN_64_TO_32_BIT_CONVERSION = YES;
				GCC_WARN_ABOUT_RETURN_TYPE = YES_ERROR;
				GCC_WARN_UNDECLARED_SELECTOR = YES;
				GCC_WARN_UNINITIALIZED_AUTOS = YES_AGGRESSIVE;
				GCC_WARN_UNUSED_FUNCTION = YES;
				GCC_WARN_UNUSED_VARIABLE = YES;
				IPHONEOS_DEPLOYMENT_TARGET = 12.2;
				MTL_ENABLE_DEBUG_INFO = INCLUDE_SOURCE;
				MTL_FAST_MATH = YES;
				ONLY_ACTIVE_ARCH = YES;
				SDKROOT = iphoneos;
				SWIFT_ACTIVE_COMPILATION_CONDITIONS = DEBUG;
				SWIFT_OPTIMIZATION_LEVEL = "-Onone";
			};
			name = Debug;
		};
		1914E86622C4FD8C00C98C16 /* Release */ = {
			isa = XCBuildConfiguration;
			buildSettings = {
				ALWAYS_SEARCH_USER_PATHS = NO;
				CLANG_ANALYZER_NONNULL = YES;
				CLANG_ANALYZER_NUMBER_OBJECT_CONVERSION = YES_AGGRESSIVE;
				CLANG_CXX_LANGUAGE_STANDARD = "gnu++14";
				CLANG_CXX_LIBRARY = "libc++";
				CLANG_ENABLE_MODULES = YES;
				CLANG_ENABLE_OBJC_ARC = YES;
				CLANG_ENABLE_OBJC_WEAK = YES;
				CLANG_WARN_BLOCK_CAPTURE_AUTORELEASING = YES;
				CLANG_WARN_BOOL_CONVERSION = YES;
				CLANG_WARN_COMMA = YES;
				CLANG_WARN_CONSTANT_CONVERSION = YES;
				CLANG_WARN_DEPRECATED_OBJC_IMPLEMENTATIONS = YES;
				CLANG_WARN_DIRECT_OBJC_ISA_USAGE = YES_ERROR;
				CLANG_WARN_DOCUMENTATION_COMMENTS = YES;
				CLANG_WARN_EMPTY_BODY = YES;
				CLANG_WARN_ENUM_CONVERSION = YES;
				CLANG_WARN_INFINITE_RECURSION = YES;
				CLANG_WARN_INT_CONVERSION = YES;
				CLANG_WARN_NON_LITERAL_NULL_CONVERSION = YES;
				CLANG_WARN_OBJC_IMPLICIT_RETAIN_SELF = YES;
				CLANG_WARN_OBJC_LITERAL_CONVERSION = YES;
				CLANG_WARN_OBJC_ROOT_CLASS = YES_ERROR;
				CLANG_WARN_RANGE_LOOP_ANALYSIS = YES;
				CLANG_WARN_STRICT_PROTOTYPES = YES;
				CLANG_WARN_SUSPICIOUS_MOVE = YES;
				CLANG_WARN_UNGUARDED_AVAILABILITY = YES_AGGRESSIVE;
				CLANG_WARN_UNREACHABLE_CODE = YES;
				CLANG_WARN__DUPLICATE_METHOD_MATCH = YES;
				CODE_SIGN_IDENTITY = "iPhone Developer";
				COPY_PHASE_STRIP = NO;
				DEBUG_INFORMATION_FORMAT = "dwarf-with-dsym";
				ENABLE_NS_ASSERTIONS = NO;
				ENABLE_STRICT_OBJC_MSGSEND = YES;
				GCC_C_LANGUAGE_STANDARD = gnu11;
				GCC_NO_COMMON_BLOCKS = YES;
				GCC_WARN_64_TO_32_BIT_CONVERSION = YES;
				GCC_WARN_ABOUT_RETURN_TYPE = YES_ERROR;
				GCC_WARN_UNDECLARED_SELECTOR = YES;
				GCC_WARN_UNINITIALIZED_AUTOS = YES_AGGRESSIVE;
				GCC_WARN_UNUSED_FUNCTION = YES;
				GCC_WARN_UNUSED_VARIABLE = YES;
				IPHONEOS_DEPLOYMENT_TARGET = 12.2;
				MTL_ENABLE_DEBUG_INFO = NO;
				MTL_FAST_MATH = YES;
				SDKROOT = iphoneos;
				SWIFT_COMPILATION_MODE = wholemodule;
				SWIFT_OPTIMIZATION_LEVEL = "-O";
				VALIDATE_PRODUCT = YES;
			};
			name = Release;
		};
		1914E86822C4FD8C00C98C16 /* Debug */ = {
			isa = XCBuildConfiguration;
			buildSettings = {
				ASSETCATALOG_COMPILER_APPICON_NAME = AppIcon;
				CODE_SIGN_STYLE = Automatic;
				DEVELOPMENT_TEAM = LY2Y6YTYF8;
				INFOPLIST_FILE = sisakuyume2/Info.plist;
				LD_RUNPATH_SEARCH_PATHS = (
					"$(inherited)",
					"@executable_path/Frameworks",
				);
				PRODUCT_BUNDLE_IDENTIFIER = com.WAKUike.sisakuyume2;
				PRODUCT_NAME = "$(TARGET_NAME)";
				SWIFT_VERSION = 5.0;
				TARGETED_DEVICE_FAMILY = "1,2";
			};
			name = Debug;
		};
		1914E86922C4FD8C00C98C16 /* Release */ = {
			isa = XCBuildConfiguration;
			buildSettings = {
				ASSETCATALOG_COMPILER_APPICON_NAME = AppIcon;
				CODE_SIGN_STYLE = Automatic;
				DEVELOPMENT_TEAM = LY2Y6YTYF8;
				INFOPLIST_FILE = sisakuyume2/Info.plist;
				LD_RUNPATH_SEARCH_PATHS = (
					"$(inherited)",
					"@executable_path/Frameworks",
				);
				PRODUCT_BUNDLE_IDENTIFIER = com.WAKUike.sisakuyume2;
				PRODUCT_NAME = "$(TARGET_NAME)";
				SWIFT_VERSION = 5.0;
				TARGETED_DEVICE_FAMILY = "1,2";
			};
			name = Release;
		};
		1914E86B22C4FD8C00C98C16 /* Debug */ = {
			isa = XCBuildConfiguration;
			buildSettings = {
				ALWAYS_EMBED_SWIFT_STANDARD_LIBRARIES = YES;
				BUNDLE_LOADER = "$(TEST_HOST)";
				CODE_SIGN_STYLE = Automatic;
				DEVELOPMENT_TEAM = LY2Y6YTYF8;
				INFOPLIST_FILE = sisakuyume2Tests/Info.plist;
				LD_RUNPATH_SEARCH_PATHS = (
					"$(inherited)",
					"@executable_path/Frameworks",
					"@loader_path/Frameworks",
				);
				PRODUCT_BUNDLE_IDENTIFIER = com.WAKUike.sisakuyume2Tests;
				PRODUCT_NAME = "$(TARGET_NAME)";
				SWIFT_VERSION = 5.0;
				TARGETED_DEVICE_FAMILY = "1,2";
				TEST_HOST = "$(BUILT_PRODUCTS_DIR)/sisakuyume2.app/sisakuyume2";
			};
			name = Debug;
		};
		1914E86C22C4FD8C00C98C16 /* Release */ = {
			isa = XCBuildConfiguration;
			buildSettings = {
				ALWAYS_EMBED_SWIFT_STANDARD_LIBRARIES = YES;
				BUNDLE_LOADER = "$(TEST_HOST)";
				CODE_SIGN_STYLE = Automatic;
				DEVELOPMENT_TEAM = LY2Y6YTYF8;
				INFOPLIST_FILE = sisakuyume2Tests/Info.plist;
				LD_RUNPATH_SEARCH_PATHS = (
					"$(inherited)",
					"@executable_path/Frameworks",
					"@loader_path/Frameworks",
				);
				PRODUCT_BUNDLE_IDENTIFIER = com.WAKUike.sisakuyume2Tests;
				PRODUCT_NAME = "$(TARGET_NAME)";
				SWIFT_VERSION = 5.0;
				TARGETED_DEVICE_FAMILY = "1,2";
				TEST_HOST = "$(BUILT_PRODUCTS_DIR)/sisakuyume2.app/sisakuyume2";
			};
			name = Release;
		};
		1914E86E22C4FD8C00C98C16 /* Debug */ = {
			isa = XCBuildConfiguration;
			buildSettings = {
				ALWAYS_EMBED_SWIFT_STANDARD_LIBRARIES = YES;
				CODE_SIGN_STYLE = Automatic;
				DEVELOPMENT_TEAM = LY2Y6YTYF8;
				INFOPLIST_FILE = sisakuyume2UITests/Info.plist;
				LD_RUNPATH_SEARCH_PATHS = (
					"$(inherited)",
					"@executable_path/Frameworks",
					"@loader_path/Frameworks",
				);
				PRODUCT_BUNDLE_IDENTIFIER = com.WAKUike.sisakuyume2UITests;
				PRODUCT_NAME = "$(TARGET_NAME)";
				SWIFT_VERSION = 5.0;
				TARGETED_DEVICE_FAMILY = "1,2";
				TEST_TARGET_NAME = sisakuyume2;
			};
			name = Debug;
		};
		1914E86F22C4FD8C00C98C16 /* Release */ = {
			isa = XCBuildConfiguration;
			buildSettings = {
				ALWAYS_EMBED_SWIFT_STANDARD_LIBRARIES = YES;
				CODE_SIGN_STYLE = Automatic;
				DEVELOPMENT_TEAM = LY2Y6YTYF8;
				INFOPLIST_FILE = sisakuyume2UITests/Info.plist;
				LD_RUNPATH_SEARCH_PATHS = (
					"$(inherited)",
					"@executable_path/Frameworks",
					"@loader_path/Frameworks",
				);
				PRODUCT_BUNDLE_IDENTIFIER = com.WAKUike.sisakuyume2UITests;
				PRODUCT_NAME = "$(TARGET_NAME)";
				SWIFT_VERSION = 5.0;
				TARGETED_DEVICE_FAMILY = "1,2";
				TEST_TARGET_NAME = sisakuyume2;
			};
			name = Release;
		};
/* End XCBuildConfiguration section */

/* Begin XCConfigurationList section */
		1914E83A22C4FD8B00C98C16 /* Build configuration list for PBXProject "sisakuyume2" */ = {
			isa = XCConfigurationList;
			buildConfigurations = (
				1914E86522C4FD8C00C98C16 /* Debug */,
				1914E86622C4FD8C00C98C16 /* Release */,
			);
			defaultConfigurationIsVisible = 0;
			defaultConfigurationName = Release;
		};
		1914E86722C4FD8C00C98C16 /* Build configuration list for PBXNativeTarget "sisakuyume2" */ = {
			isa = XCConfigurationList;
			buildConfigurations = (
				1914E86822C4FD8C00C98C16 /* Debug */,
				1914E86922C4FD8C00C98C16 /* Release */,
			);
			defaultConfigurationIsVisible = 0;
			defaultConfigurationName = Release;
		};
		1914E86A22C4FD8C00C98C16 /* Build configuration list for PBXNativeTarget "sisakuyume2Tests" */ = {
			isa = XCConfigurationList;
			buildConfigurations = (
				1914E86B22C4FD8C00C98C16 /* Debug */,
				1914E86C22C4FD8C00C98C16 /* Release */,
			);
			defaultConfigurationIsVisible = 0;
			defaultConfigurationName = Release;
		};
		1914E86D22C4FD8C00C98C16 /* Build configuration list for PBXNativeTarget "sisakuyume2UITests" */ = {
			isa = XCConfigurationList;
			buildConfigurations = (
				1914E86E22C4FD8C00C98C16 /* Debug */,
				1914E86F22C4FD8C00C98C16 /* Release */,
			);
			defaultConfigurationIsVisible = 0;
			defaultConfigurationName = Release;
		};
/* End XCConfigurationList section */
	};
	rootObject = 1914E83722C4FD8B00C98C16 /* Project object */;
}
